
Microsoft Visual Studio Solution File, Format Version 12.00
# Visual Studio Version 17
VisualStudioVersion = 17.12.35707.178 d17.12
MinimumVisualStudioVersion = 10.0.40219.1
Project("{FAE04EC0-301F-11D3-BF4B-00C04F79EFBC}") = "NamazSchedulerApp.API", "NamazSchedulerApp.API\NamazSchedulerApp.API.csproj", "{558F1F89-E27A-425A-9F87-3EE4EE85AAA3}"
EndProject
Project("{FAE04EC0-301F-11D3-BF4B-00C04F79EFBC}") = "NamazSchedulerApp.Maui", "NamazSchedulerApp.Maui\NamazSchedulerApp.Maui.csproj", "{54D60210-8658-4FE6-8DFC-C54D61366FBE}"
EndProject
Global
	GlobalSection(SolutionConfigurationPlatforms) = preSolution
		Debug|Any CPU = Debug|Any CPU
		Release|Any CPU = Release|Any CPU
	EndGlobalSection
	GlobalSection(ProjectConfigurationPlatforms) = postSolution
		{558F1F89-E27A-425A-9F87-3EE4EE85AAA3}.Debug|Any CPU.ActiveCfg = Debug|Any CPU
		{558F1F89-E27A-425A-9F87-3EE4EE85AAA3}.Debug|Any CPU.Build.0 = Debug|Any CPU
		{558F1F89-E27A-425A-9F87-3EE4EE85AAA3}.Release|Any CPU.ActiveCfg = Release|Any CPU
		{558F1F89-E27A-425A-9F87-3EE4EE85AAA3}.Release|Any CPU.Build.0 = Release|Any CPU
		{54D60210-8658-4FE6-8DFC-C54D61366FBE}.Debug|Any CPU.ActiveCfg = Debug|Any CPU
		{54D60210-8658-4FE6-8DFC-C54D61366FBE}.Debug|Any CPU.Build.0 = Debug|Any CPU
		{54D60210-8658-4FE6-8DFC-C54D61366FBE}.Release|Any CPU.ActiveCfg = Release|Any CPU
		{54D60210-8658-4FE6-8DFC-C54D61366FBE}.Release|Any CPU.Build.0 = Release|Any CPU
	EndGlobalSection
	GlobalSection(SolutionProperties) = preSolution
		HideSolutionNode = FALSE
	EndGlobalSection
EndGlobal
